
Microsoft Visual Studio Solution File, Format Version 12.00
# Visual Studio 15
VisualStudioVersion = 15.0.28307.852
MinimumVisualStudioVersion = 10.0.40219.1
Project("{FAE04EC0-301F-11D3-BF4B-00C04F79EFBC}") = "XamarinTestShit.Android", "XamarinTestShit\XamarinTestShit.Android\XamarinTestShit.Android.csproj", "{68AEA9FE-18C4-43CB-B679-5E3F4CC0E6FC}"
EndProject
Project("{FAE04EC0-301F-11D3-BF4B-00C04F79EFBC}") = "XamarinTestShit.iOS", "XamarinTestShit\XamarinTestShit.iOS\XamarinTestShit.iOS.csproj", "{70644DEF-C059-47F5-B45B-F93CE17E81DE}"
EndProject
Project("{FAE04EC0-301F-11D3-BF4B-00C04F79EFBC}") = "XamarinTestShit.UWP", "XamarinTestShit\XamarinTestShit.UWP\XamarinTestShit.UWP.csproj", "{D7937062-3473-4A1B-886D-2373AC00D28D}"
EndProject
Project("{9A19103F-16F7-4668-BE54-9A1E7A4F7556}") = "XamarinTestShit", "XamarinTestShit\XamarinTestShit\XamarinTestShit.csproj", "{EA0D46A4-50F7-463D-878B-0EAC7D5DC89E}"
EndProject
Project("{FAE04EC0-301F-11D3-BF4B-00C04F79EFBC}") = "UITestShit", "UITestShit\UITestShit.csproj", "{B19C892E-2628-4CA7-AD27-08D406A3B14B}"
EndProject
Global
	GlobalSection(SolutionConfigurationPlatforms) = preSolution
		Ad-Hoc|Any CPU = Ad-Hoc|Any CPU
		Ad-Hoc|ARM = Ad-Hoc|ARM
		Ad-Hoc|iPhone = Ad-Hoc|iPhone
		Ad-Hoc|iPhoneSimulator = Ad-Hoc|iPhoneSimulator
		Ad-Hoc|x64 = Ad-Hoc|x64
		Ad-Hoc|x86 = Ad-Hoc|x86
		AppStore|Any CPU = AppStore|Any CPU
		AppStore|ARM = AppStore|ARM
		AppStore|iPhone = AppStore|iPhone
		AppStore|iPhoneSimulator = AppStore|iPhoneSimulator
		AppStore|x64 = AppStore|x64
		AppStore|x86 = AppStore|x86
		Debug|Any CPU = Debug|Any CPU
		Debug|ARM = Debug|ARM
		Debug|iPhone = Debug|iPhone
		Debug|iPhoneSimulator = Debug|iPhoneSimulator
		Debug|x64 = Debug|x64
		Debug|x86 = Debug|x86
		Release|Any CPU = Release|Any CPU
		Release|ARM = Release|ARM
		Release|iPhone = Release|iPhone
		Release|iPhoneSimulator = Release|iPhoneSimulator
		Release|x64 = Release|x64
		Release|x86 = Release|x86
	EndGlobalSection
	GlobalSection(ProjectConfigurationPlatforms) = postSolution
		{68AEA9FE-18C4-43CB-B679-5E3F4CC0E6FC}.Ad-Hoc|Any CPU.ActiveCfg = Release|Any CPU
		{68AEA9FE-18C4-43CB-B679-5E3F4CC0E6FC}.Ad-Hoc|Any CPU.Build.0 = Release|Any CPU
		{68AEA9FE-18C4-43CB-B679-5E3F4CC0E6FC}.Ad-Hoc|Any CPU.Deploy.0 = Release|Any CPU
		{68AEA9FE-18C4-43CB-B679-5E3F4CC0E6FC}.Ad-Hoc|ARM.ActiveCfg = Release|Any CPU
		{68AEA9FE-18C4-43CB-B679-5E3F4CC0E6FC}.Ad-Hoc|ARM.Build.0 = Release|Any CPU
		{68AEA9FE-18C4-43CB-B679-5E3F4CC0E6FC}.Ad-Hoc|ARM.Deploy.0 = Release|Any CPU
		{68AEA9FE-18C4-43CB-B679-5E3F4CC0E6FC}.Ad-Hoc|iPhone.ActiveCfg = Release|Any CPU
		{68AEA9FE-18C4-43CB-B679-5E3F4CC0E6FC}.Ad-Hoc|iPhone.Build.0 = Release|Any CPU
		{68AEA9FE-18C4-43CB-B679-5E3F4CC0E6FC}.Ad-Hoc|iPhone.Deploy.0 = Release|Any CPU
		{68AEA9FE-18C4-43CB-B679-5E3F4CC0E6FC}.Ad-Hoc|iPhoneSimulator.ActiveCfg = Release|Any CPU
		{68AEA9FE-18C4-43CB-B679-5E3F4CC0E6FC}.Ad-Hoc|iPhoneSimulator.Build.0 = Release|Any CPU
		{68AEA9FE-18C4-43CB-B679-5E3F4CC0E6FC}.Ad-Hoc|iPhoneSimulator.Deploy.0 = Release|Any CPU
		{68AEA9FE-18C4-43CB-B679-5E3F4CC0E6FC}.Ad-Hoc|x64.ActiveCfg = Release|Any CPU
		{68AEA9FE-18C4-43CB-B679-5E3F4CC0E6FC}.Ad-Hoc|x64.Build.0 = Release|Any CPU
		{68AEA9FE-18C4-43CB-B679-5E3F4CC0E6FC}.Ad-Hoc|x64.Deploy.0 = Release|Any CPU
		{68AEA9FE-18C4-43CB-B679-5E3F4CC0E6FC}.Ad-Hoc|x86.ActiveCfg = Release|Any CPU
		{68AEA9FE-18C4-43CB-B679-5E3F4CC0E6FC}.Ad-Hoc|x86.Build.0 = Release|Any CPU
		{68AEA9FE-18C4-43CB-B679-5E3F4CC0E6FC}.Ad-Hoc|x86.Deploy.0 = Release|Any CPU
		{68AEA9FE-18C4-43CB-B679-5E3F4CC0E6FC}.AppStore|Any CPU.ActiveCfg = Release|Any CPU
		{68AEA9FE-18C4-43CB-B679-5E3F4CC0E6FC}.AppStore|Any CPU.Build.0 = Release|Any CPU
		{68AEA9FE-18C4-43CB-B679-5E3F4CC0E6FC}.AppStore|Any CPU.Deploy.0 = Release|Any CPU
		{68AEA9FE-18C4-43CB-B679-5E3F4CC0E6FC}.AppStore|ARM.ActiveCfg = Release|Any CPU
		{68AEA9FE-18C4-43CB-B679-5E3F4CC0E6FC}.AppStore|ARM.Build.0 = Release|Any CPU
		{68AEA9FE-18C4-43CB-B679-5E3F4CC0E6FC}.AppStore|ARM.Deploy.0 = Release|Any CPU
		{68AEA9FE-18C4-43CB-B679-5E3F4CC0E6FC}.AppStore|iPhone.ActiveCfg = Release|Any CPU
		{68AEA9FE-18C4-43CB-B679-5E3F4CC0E6FC}.AppStore|iPhone.Build.0 = Release|Any CPU
		{68AEA9FE-18C4-43CB-B679-5E3F4CC0E6FC}.AppStore|iPhone.Deploy.0 = Release|Any CPU
		{68AEA9FE-18C4-43CB-B679-5E3F4CC0E6FC}.AppStore|iPhoneSimulator.ActiveCfg = Release|Any CPU
		{68AEA9FE-18C4-43CB-B679-5E3F4CC0E6FC}.AppStore|iPhoneSimulator.Build.0 = Release|Any CPU
		{68AEA9FE-18C4-43CB-B679-5E3F4CC0E6FC}.AppStore|iPhoneSimulator.Deploy.0 = Release|Any CPU
		{68AEA9FE-18C4-43CB-B679-5E3F4CC0E6FC}.AppStore|x64.ActiveCfg = Release|Any CPU
		{68AEA9FE-18C4-43CB-B679-5E3F4CC0E6FC}.AppStore|x64.Build.0 = Release|Any CPU
		{68AEA9FE-18C4-43CB-B679-5E3F4CC0E6FC}.AppStore|x64.Deploy.0 = Release|Any CPU
		{68AEA9FE-18C4-43CB-B679-5E3F4CC0E6FC}.AppStore|x86.ActiveCfg = Release|Any CPU
		{68AEA9FE-18C4-43CB-B679-5E3F4CC0E6FC}.AppStore|x86.Build.0 = Release|Any CPU
		{68AEA9FE-18C4-43CB-B679-5E3F4CC0E6FC}.AppStore|x86.Deploy.0 = Release|Any CPU
		{68AEA9FE-18C4-43CB-B679-5E3F4CC0E6FC}.Debug|Any CPU.ActiveCfg = Debug|Any CPU
		{68AEA9FE-18C4-43CB-B679-5E3F4CC0E6FC}.Debug|Any CPU.Build.0 = Debug|Any CPU
		{68AEA9FE-18C4-43CB-B679-5E3F4CC0E6FC}.Debug|Any CPU.Deploy.0 = Debug|Any CPU
		{68AEA9FE-18C4-43CB-B679-5E3F4CC0E6FC}.Debug|ARM.ActiveCfg = Debug|Any CPU
		{68AEA9FE-18C4-43CB-B679-5E3F4CC0E6FC}.Debug|ARM.Build.0 = Debug|Any CPU
		{68AEA9FE-18C4-43CB-B679-5E3F4CC0E6FC}.Debug|ARM.Deploy.0 = Debug|Any CPU
		{68AEA9FE-18C4-43CB-B679-5E3F4CC0E6FC}.Debug|iPhone.ActiveCfg = Debug|Any CPU
		{68AEA9FE-18C4-43CB-B679-5E3F4CC0E6FC}.Debug|iPhone.Build.0 = Debug|Any CPU
		{68AEA9FE-18C4-43CB-B679-5E3F4CC0E6FC}.Debug|iPhone.Deploy.0 = Debug|Any CPU
		{68AEA9FE-18C4-43CB-B679-5E3F4CC0E6FC}.Debug|iPhoneSimulator.ActiveCfg = Debug|Any CPU
		{68AEA9FE-18C4-43CB-B679-5E3F4CC0E6FC}.Debug|iPhoneSimulator.Build.0 = Debug|Any CPU
		{68AEA9FE-18C4-43CB-B679-5E3F4CC0E6FC}.Debug|iPhoneSimulator.Deploy.0 = Debug|Any CPU
		{68AEA9FE-18C4-43CB-B679-5E3F4CC0E6FC}.Debug|x64.ActiveCfg = Debug|Any CPU
		{68AEA9FE-18C4-43CB-B679-5E3F4CC0E6FC}.Debug|x64.Build.0 = Debug|Any CPU
		{68AEA9FE-18C4-43CB-B679-5E3F4CC0E6FC}.Debug|x64.Deploy.0 = Debug|Any CPU
		{68AEA9FE-18C4-43CB-B679-5E3F4CC0E6FC}.Debug|x86.ActiveCfg = Debug|Any CPU
		{68AEA9FE-18C4-43CB-B679-5E3F4CC0E6FC}.Debug|x86.Build.0 = Debug|Any CPU
		{68AEA9FE-18C4-43CB-B679-5E3F4CC0E6FC}.Debug|x86.Deploy.0 = Debug|Any CPU
		{68AEA9FE-18C4-43CB-B679-5E3F4CC0E6FC}.Release|Any CPU.ActiveCfg = Release|Any CPU
		{68AEA9FE-18C4-43CB-B679-5E3F4CC0E6FC}.Release|Any CPU.Build.0 = Release|Any CPU
		{68AEA9FE-18C4-43CB-B679-5E3F4CC0E6FC}.Release|Any CPU.Deploy.0 = Release|Any CPU
		{68AEA9FE-18C4-43CB-B679-5E3F4CC0E6FC}.Release|ARM.ActiveCfg = Release|Any CPU
		{68AEA9FE-18C4-43CB-B679-5E3F4CC0E6FC}.Release|ARM.Build.0 = Release|Any CPU
		{68AEA9FE-18C4-43CB-B679-5E3F4CC0E6FC}.Release|ARM.Deploy.0 = Release|Any CPU
		{68AEA9FE-18C4-43CB-B679-5E3F4CC0E6FC}.Release|iPhone.ActiveCfg = Release|Any CPU
		{68AEA9FE-18C4-43CB-B679-5E3F4CC0E6FC}.Release|iPhone.Build.0 = Release|Any CPU
		{68AEA9FE-18C4-43CB-B679-5E3F4CC0E6FC}.Release|iPhone.Deploy.0 = Release|Any CPU
		{68AEA9FE-18C4-43CB-B679-5E3F4CC0E6FC}.Release|iPhoneSimulator.ActiveCfg = Release|Any CPU
		{68AEA9FE-18C4-43CB-B679-5E3F4CC0E6FC}.Release|iPhoneSimulator.Build.0 = Release|Any CPU
		{68AEA9FE-18C4-43CB-B679-5E3F4CC0E6FC}.Release|iPhoneSimulator.Deploy.0 = Release|Any CPU
		{68AEA9FE-18C4-43CB-B679-5E3F4CC0E6FC}.Release|x64.ActiveCfg = Release|Any CPU
		{68AEA9FE-18C4-43CB-B679-5E3F4CC0E6FC}.Release|x64.Build.0 = Release|Any CPU
		{68AEA9FE-18C4-43CB-B679-5E3F4CC0E6FC}.Release|x64.Deploy.0 = Release|Any CPU
		{68AEA9FE-18C4-43CB-B679-5E3F4CC0E6FC}.Release|x86.ActiveCfg = Release|Any CPU
		{68AEA9FE-18C4-43CB-B679-5E3F4CC0E6FC}.Release|x86.Build.0 = Release|Any CPU
		{68AEA9FE-18C4-43CB-B679-5E3F4CC0E6FC}.Release|x86.Deploy.0 = Release|Any CPU
		{70644DEF-C059-47F5-B45B-F93CE17E81DE}.Ad-Hoc|Any CPU.ActiveCfg = Ad-Hoc|iPhone
		{70644DEF-C059-47F5-B45B-F93CE17E81DE}.Ad-Hoc|Any CPU.Build.0 = Ad-Hoc|iPhone
		{70644DEF-C059-47F5-B45B-F93CE17E81DE}.Ad-Hoc|Any CPU.Deploy.0 = Ad-Hoc|iPhone
		{70644DEF-C059-47F5-B45B-F93CE17E81DE}.Ad-Hoc|ARM.ActiveCfg = Ad-Hoc|iPhone
		{70644DEF-C059-47F5-B45B-F93CE17E81DE}.Ad-Hoc|ARM.Build.0 = Ad-Hoc|iPhone
		{70644DEF-C059-47F5-B45B-F93CE17E81DE}.Ad-Hoc|ARM.Deploy.0 = Ad-Hoc|iPhone
		{70644DEF-C059-47F5-B45B-F93CE17E81DE}.Ad-Hoc|iPhone.ActiveCfg = Ad-Hoc|iPhone
		{70644DEF-C059-47F5-B45B-F93CE17E81DE}.Ad-Hoc|iPhone.Build.0 = Ad-Hoc|iPhone
		{70644DEF-C059-47F5-B45B-F93CE17E81DE}.Ad-Hoc|iPhone.Deploy.0 = Ad-Hoc|iPhone
		{70644DEF-C059-47F5-B45B-F93CE17E81DE}.Ad-Hoc|iPhoneSimulator.ActiveCfg = Ad-Hoc|iPhoneSimulator
		{70644DEF-C059-47F5-B45B-F93CE17E81DE}.Ad-Hoc|iPhoneSimulator.Build.0 = Ad-Hoc|iPhoneSimulator
		{70644DEF-C059-47F5-B45B-F93CE17E81DE}.Ad-Hoc|iPhoneSimulator.Deploy.0 = Ad-Hoc|iPhoneSimulator
		{70644DEF-C059-47F5-B45B-F93CE17E81DE}.Ad-Hoc|x64.ActiveCfg = Ad-Hoc|iPhone
		{70644DEF-C059-47F5-B45B-F93CE17E81DE}.Ad-Hoc|x64.Build.0 = Ad-Hoc|iPhone
		{70644DEF-C059-47F5-B45B-F93CE17E81DE}.Ad-Hoc|x64.Deploy.0 = Ad-Hoc|iPhone
		{70644DEF-C059-47F5-B45B-F93CE17E81DE}.Ad-Hoc|x86.ActiveCfg = Ad-Hoc|iPhone
		{70644DEF-C059-47F5-B45B-F93CE17E81DE}.Ad-Hoc|x86.Build.0 = Ad-Hoc|iPhone
		{70644DEF-C059-47F5-B45B-F93CE17E81DE}.Ad-Hoc|x86.Deploy.0 = Ad-Hoc|iPhone
		{70644DEF-C059-47F5-B45B-F93CE17E81DE}.AppStore|Any CPU.ActiveCfg = AppStore|iPhone
		{70644DEF-C059-47F5-B45B-F93CE17E81DE}.AppStore|Any CPU.Build.0 = AppStore|iPhone
		{70644DEF-C059-47F5-B45B-F93CE17E81DE}.AppStore|Any CPU.Deploy.0 = AppStore|iPhone
		{70644DEF-C059-47F5-B45B-F93CE17E81DE}.AppStore|ARM.ActiveCfg = AppStore|iPhone
		{70644DEF-C059-47F5-B45B-F93CE17E81DE}.AppStore|ARM.Build.0 = AppStore|iPhone
		{70644DEF-C059-47F5-B45B-F93CE17E81DE}.AppStore|ARM.Deploy.0 = AppStore|iPhone
		{70644DEF-C059-47F5-B45B-F93CE17E81DE}.AppStore|iPhone.ActiveCfg = AppStore|iPhone
		{70644DEF-C059-47F5-B45B-F93CE17E81DE}.AppStore|iPhone.Build.0 = AppStore|iPhone
		{70644DEF-C059-47F5-B45B-F93CE17E81DE}.AppStore|iPhone.Deploy.0 = AppStore|iPhone
		{70644DEF-C059-47F5-B45B-F93CE17E81DE}.AppStore|iPhoneSimulator.ActiveCfg = AppStore|iPhoneSimulator
		{70644DEF-C059-47F5-B45B-F93CE17E81DE}.AppStore|iPhoneSimulator.Build.0 = AppStore|iPhoneSimulator
		{70644DEF-C059-47F5-B45B-F93CE17E81DE}.AppStore|iPhoneSimulator.Deploy.0 = AppStore|iPhoneSimulator
		{70644DEF-C059-47F5-B45B-F93CE17E81DE}.AppStore|x64.ActiveCfg = AppStore|iPhone
		{70644DEF-C059-47F5-B45B-F93CE17E81DE}.AppStore|x64.Build.0 = AppStore|iPhone
		{70644DEF-C059-47F5-B45B-F93CE17E81DE}.AppStore|x64.Deploy.0 = AppStore|iPhone
		{70644DEF-C059-47F5-B45B-F93CE17E81DE}.AppStore|x86.ActiveCfg = AppStore|iPhone
		{70644DEF-C059-47F5-B45B-F93CE17E81DE}.AppStore|x86.Build.0 = AppStore|iPhone
		{70644DEF-C059-47F5-B45B-F93CE17E81DE}.AppStore|x86.Deploy.0 = AppStore|iPhone
		{70644DEF-C059-47F5-B45B-F93CE17E81DE}.Debug|Any CPU.ActiveCfg = Debug|iPhoneSimulator
		{70644DEF-C059-47F5-B45B-F93CE17E81DE}.Debug|Any CPU.Build.0 = Debug|iPhoneSimulator
		{70644DEF-C059-47F5-B45B-F93CE17E81DE}.Debug|Any CPU.Deploy.0 = Debug|iPhoneSimulator
		{70644DEF-C059-47F5-B45B-F93CE17E81DE}.Debug|ARM.ActiveCfg = Debug|iPhone
		{70644DEF-C059-47F5-B45B-F93CE17E81DE}.Debug|ARM.Build.0 = Debug|iPhone
		{70644DEF-C059-47F5-B45B-F93CE17E81DE}.Debug|ARM.Deploy.0 = Debug|iPhone
		{70644DEF-C059-47F5-B45B-F93CE17E81DE}.Debug|iPhone.ActiveCfg = Debug|iPhone
		{70644DEF-C059-47F5-B45B-F93CE17E81DE}.Debug|iPhone.Build.0 = Debug|iPhone
		{70644DEF-C059-47F5-B45B-F93CE17E81DE}.Debug|iPhone.Deploy.0 = Debug|iPhone
		{70644DEF-C059-47F5-B45B-F93CE17E81DE}.Debug|iPhoneSimulator.ActiveCfg = Debug|iPhoneSimulator
		{70644DEF-C059-47F5-B45B-F93CE17E81DE}.Debug|iPhoneSimulator.Build.0 = Debug|iPhoneSimulator
		{70644DEF-C059-47F5-B45B-F93CE17E81DE}.Debug|iPhoneSimulator.Deploy.0 = Debug|iPhoneSimulator
		{70644DEF-C059-47F5-B45B-F93CE17E81DE}.Debug|x64.ActiveCfg = Debug|iPhone
		{70644DEF-C059-47F5-B45B-F93CE17E81DE}.Debug|x64.Build.0 = Debug|iPhone
		{70644DEF-C059-47F5-B45B-F93CE17E81DE}.Debug|x64.Deploy.0 = Debug|iPhone
		{70644DEF-C059-47F5-B45B-F93CE17E81DE}.Debug|x86.ActiveCfg = Debug|iPhone
		{70644DEF-C059-47F5-B45B-F93CE17E81DE}.Debug|x86.Build.0 = Debug|iPhone
		{70644DEF-C059-47F5-B45B-F93CE17E81DE}.Debug|x86.Deploy.0 = Debug|iPhone
		{70644DEF-C059-47F5-B45B-F93CE17E81DE}.Release|Any CPU.ActiveCfg = Release|iPhone
		{70644DEF-C059-47F5-B45B-F93CE17E81DE}.Release|Any CPU.Build.0 = Release|iPhone
		{70644DEF-C059-47F5-B45B-F93CE17E81DE}.Release|Any CPU.Deploy.0 = Release|iPhone
		{70644DEF-C059-47F5-B45B-F93CE17E81DE}.Release|ARM.ActiveCfg = Release|iPhone
		{70644DEF-C059-47F5-B45B-F93CE17E81DE}.Release|ARM.Build.0 = Release|iPhone
		{70644DEF-C059-47F5-B45B-F93CE17E81DE}.Release|ARM.Deploy.0 = Release|iPhone
		{70644DEF-C059-47F5-B45B-F93CE17E81DE}.Release|iPhone.ActiveCfg = Release|iPhone
		{70644DEF-C059-47F5-B45B-F93CE17E81DE}.Release|iPhone.Build.0 = Release|iPhone
		{70644DEF-C059-47F5-B45B-F93CE17E81DE}.Release|iPhone.Deploy.0 = Release|iPhone
		{70644DEF-C059-47F5-B45B-F93CE17E81DE}.Release|iPhoneSimulator.ActiveCfg = Release|iPhoneSimulator
		{70644DEF-C059-47F5-B45B-F93CE17E81DE}.Release|iPhoneSimulator.Build.0 = Release|iPhoneSimulator
		{70644DEF-C059-47F5-B45B-F93CE17E81DE}.Release|iPhoneSimulator.Deploy.0 = Release|iPhoneSimulator
		{70644DEF-C059-47F5-B45B-F93CE17E81DE}.Release|x64.ActiveCfg = Release|iPhone
		{70644DEF-C059-47F5-B45B-F93CE17E81DE}.Release|x64.Build.0 = Release|iPhone
		{70644DEF-C059-47F5-B45B-F93CE17E81DE}.Release|x64.Deploy.0 = Release|iPhone
		{70644DEF-C059-47F5-B45B-F93CE17E81DE}.Release|x86.ActiveCfg = Release|iPhone
		{70644DEF-C059-47F5-B45B-F93CE17E81DE}.Release|x86.Build.0 = Release|iPhone
		{70644DEF-C059-47F5-B45B-F93CE17E81DE}.Release|x86.Deploy.0 = Release|iPhone
		{D7937062-3473-4A1B-886D-2373AC00D28D}.Ad-Hoc|Any CPU.ActiveCfg = Release|x86
		{D7937062-3473-4A1B-886D-2373AC00D28D}.Ad-Hoc|Any CPU.Build.0 = Release|x86
		{D7937062-3473-4A1B-886D-2373AC00D28D}.Ad-Hoc|Any CPU.Deploy.0 = Release|x86
		{D7937062-3473-4A1B-886D-2373AC00D28D}.Ad-Hoc|ARM.ActiveCfg = Release|ARM
		{D7937062-3473-4A1B-886D-2373AC00D28D}.Ad-Hoc|ARM.Build.0 = Release|ARM
		{D7937062-3473-4A1B-886D-2373AC00D28D}.Ad-Hoc|ARM.Deploy.0 = Release|ARM
		{D7937062-3473-4A1B-886D-2373AC00D28D}.Ad-Hoc|iPhone.ActiveCfg = Release|x86
		{D7937062-3473-4A1B-886D-2373AC00D28D}.Ad-Hoc|iPhone.Build.0 = Release|x86
		{D7937062-3473-4A1B-886D-2373AC00D28D}.Ad-Hoc|iPhone.Deploy.0 = Release|x86
		{D7937062-3473-4A1B-886D-2373AC00D28D}.Ad-Hoc|iPhoneSimulator.ActiveCfg = Release|x86
		{D7937062-3473-4A1B-886D-2373AC00D28D}.Ad-Hoc|iPhoneSimulator.Build.0 = Release|x86
		{D7937062-3473-4A1B-886D-2373AC00D28D}.Ad-Hoc|iPhoneSimulator.Deploy.0 = Release|x86
		{D7937062-3473-4A1B-886D-2373AC00D28D}.Ad-Hoc|x64.ActiveCfg = Release|x64
		{D7937062-3473-4A1B-886D-2373AC00D28D}.Ad-Hoc|x64.Build.0 = Release|x64
		{D7937062-3473-4A1B-886D-2373AC00D28D}.Ad-Hoc|x64.Deploy.0 = Release|x64
		{D7937062-3473-4A1B-886D-2373AC00D28D}.Ad-Hoc|x86.ActiveCfg = Release|x86
		{D7937062-3473-4A1B-886D-2373AC00D28D}.Ad-Hoc|x86.Build.0 = Release|x86
		{D7937062-3473-4A1B-886D-2373AC00D28D}.Ad-Hoc|x86.Deploy.0 = Release|x86
		{D7937062-3473-4A1B-886D-2373AC00D28D}.AppStore|Any CPU.ActiveCfg = Release|x86
		{D7937062-3473-4A1B-886D-2373AC00D28D}.AppStore|Any CPU.Build.0 = Release|x86
		{D7937062-3473-4A1B-886D-2373AC00D28D}.AppStore|Any CPU.Deploy.0 = Release|x86
		{D7937062-3473-4A1B-886D-2373AC00D28D}.AppStore|ARM.ActiveCfg = Release|ARM
		{D7937062-3473-4A1B-886D-2373AC00D28D}.AppStore|ARM.Build.0 = Release|ARM
		{D7937062-3473-4A1B-886D-2373AC00D28D}.AppStore|ARM.Deploy.0 = Release|ARM
		{D7937062-3473-4A1B-886D-2373AC00D28D}.AppStore|iPhone.ActiveCfg = Release|x86
		{D7937062-3473-4A1B-886D-2373AC00D28D}.AppStore|iPhone.Build.0 = Release|x86
		{D7937062-3473-4A1B-886D-2373AC00D28D}.AppStore|iPhone.Deploy.0 = Release|x86
		{D7937062-3473-4A1B-886D-2373AC00D28D}.AppStore|iPhoneSimulator.ActiveCfg = Release|x86
		{D7937062-3473-4A1B-886D-2373AC00D28D}.AppStore|iPhoneSimulator.Build.0 = Release|x86
		{D7937062-3473-4A1B-886D-2373AC00D28D}.AppStore|iPhoneSimulator.Deploy.0 = Release|x86
		{D7937062-3473-4A1B-886D-2373AC00D28D}.AppStore|x64.ActiveCfg = Release|x64
		{D7937062-3473-4A1B-886D-2373AC00D28D}.AppStore|x64.Build.0 = Release|x64
		{D7937062-3473-4A1B-886D-2373AC00D28D}.AppStore|x64.Deploy.0 = Release|x64
		{D7937062-3473-4A1B-886D-2373AC00D28D}.AppStore|x86.ActiveCfg = Release|x86
		{D7937062-3473-4A1B-886D-2373AC00D28D}.AppStore|x86.Build.0 = Release|x86
		{D7937062-3473-4A1B-886D-2373AC00D28D}.AppStore|x86.Deploy.0 = Release|x86
		{D7937062-3473-4A1B-886D-2373AC00D28D}.Debug|Any CPU.ActiveCfg = Debug|x86
		{D7937062-3473-4A1B-886D-2373AC00D28D}.Debug|Any CPU.Build.0 = Debug|x86
		{D7937062-3473-4A1B-886D-2373AC00D28D}.Debug|Any CPU.Deploy.0 = Debug|x86
		{D7937062-3473-4A1B-886D-2373AC00D28D}.Debug|ARM.ActiveCfg = Debug|ARM
		{D7937062-3473-4A1B-886D-2373AC00D28D}.Debug|ARM.Build.0 = Debug|ARM
		{D7937062-3473-4A1B-886D-2373AC00D28D}.Debug|ARM.Deploy.0 = Debug|ARM
		{D7937062-3473-4A1B-886D-2373AC00D28D}.Debug|iPhone.ActiveCfg = Debug|x86
		{D7937062-3473-4A1B-886D-2373AC00D28D}.Debug|iPhone.Build.0 = Debug|x86
		{D7937062-3473-4A1B-886D-2373AC00D28D}.Debug|iPhone.Deploy.0 = Debug|x86
		{D7937062-3473-4A1B-886D-2373AC00D28D}.Debug|iPhoneSimulator.ActiveCfg = Debug|x86
		{D7937062-3473-4A1B-886D-2373AC00D28D}.Debug|iPhoneSimulator.Build.0 = Debug|x86
		{D7937062-3473-4A1B-886D-2373AC00D28D}.Debug|iPhoneSimulator.Deploy.0 = Debug|x86
		{D7937062-3473-4A1B-886D-2373AC00D28D}.Debug|x64.ActiveCfg = Debug|x64
		{D7937062-3473-4A1B-886D-2373AC00D28D}.Debug|x64.Build.0 = Debug|x64
		{D7937062-3473-4A1B-886D-2373AC00D28D}.Debug|x64.Deploy.0 = Debug|x64
		{D7937062-3473-4A1B-886D-2373AC00D28D}.Debug|x86.ActiveCfg = Debug|x86
		{D7937062-3473-4A1B-886D-2373AC00D28D}.Debug|x86.Build.0 = Debug|x86
		{D7937062-3473-4A1B-886D-2373AC00D28D}.Debug|x86.Deploy.0 = Debug|x86
		{D7937062-3473-4A1B-886D-2373AC00D28D}.Release|Any CPU.ActiveCfg = Release|x86
		{D7937062-3473-4A1B-886D-2373AC00D28D}.Release|Any CPU.Build.0 = Release|x86
		{D7937062-3473-4A1B-886D-2373AC00D28D}.Release|Any CPU.Deploy.0 = Release|x86
		{D7937062-3473-4A1B-886D-2373AC00D28D}.Release|ARM.ActiveCfg = Release|ARM
		{D7937062-3473-4A1B-886D-2373AC00D28D}.Release|ARM.Build.0 = Release|ARM
		{D7937062-3473-4A1B-886D-2373AC00D28D}.Release|ARM.Deploy.0 = Release|ARM
		{D7937062-3473-4A1B-886D-2373AC00D28D}.Release|iPhone.ActiveCfg = Release|x86
		{D7937062-3473-4A1B-886D-2373AC00D28D}.Release|iPhone.Build.0 = Release|x86
		{D7937062-3473-4A1B-886D-2373AC00D28D}.Release|iPhone.Deploy.0 = Release|x86
		{D7937062-3473-4A1B-886D-2373AC00D28D}.Release|iPhoneSimulator.ActiveCfg = Release|x86
		{D7937062-3473-4A1B-886D-2373AC00D28D}.Release|iPhoneSimulator.Build.0 = Release|x86
		{D7937062-3473-4A1B-886D-2373AC00D28D}.Release|iPhoneSimulator.Deploy.0 = Release|x86
		{D7937062-3473-4A1B-886D-2373AC00D28D}.Release|x64.ActiveCfg = Release|x64
		{D7937062-3473-4A1B-886D-2373AC00D28D}.Release|x64.Build.0 = Release|x64
		{D7937062-3473-4A1B-886D-2373AC00D28D}.Release|x64.Deploy.0 = Release|x64
		{D7937062-3473-4A1B-886D-2373AC00D28D}.Release|x86.ActiveCfg = Release|x86
		{D7937062-3473-4A1B-886D-2373AC00D28D}.Release|x86.Build.0 = Release|x86
		{D7937062-3473-4A1B-886D-2373AC00D28D}.Release|x86.Deploy.0 = Release|x86
		{EA0D46A4-50F7-463D-878B-0EAC7D5DC89E}.Ad-Hoc|Any CPU.ActiveCfg = Debug|Any CPU
		{EA0D46A4-50F7-463D-878B-0EAC7D5DC89E}.Ad-Hoc|Any CPU.Build.0 = Debug|Any CPU
		{EA0D46A4-50F7-463D-878B-0EAC7D5DC89E}.Ad-Hoc|Any CPU.Deploy.0 = Debug|Any CPU
		{EA0D46A4-50F7-463D-878B-0EAC7D5DC89E}.Ad-Hoc|ARM.ActiveCfg = Debug|Any CPU
		{EA0D46A4-50F7-463D-878B-0EAC7D5DC89E}.Ad-Hoc|ARM.Build.0 = Debug|Any CPU
		{EA0D46A4-50F7-463D-878B-0EAC7D5DC89E}.Ad-Hoc|ARM.Deploy.0 = Debug|Any CPU
		{EA0D46A4-50F7-463D-878B-0EAC7D5DC89E}.Ad-Hoc|iPhone.ActiveCfg = Debug|Any CPU
		{EA0D46A4-50F7-463D-878B-0EAC7D5DC89E}.Ad-Hoc|iPhone.Build.0 = Debug|Any CPU
		{EA0D46A4-50F7-463D-878B-0EAC7D5DC89E}.Ad-Hoc|iPhone.Deploy.0 = Debug|Any CPU
		{EA0D46A4-50F7-463D-878B-0EAC7D5DC89E}.Ad-Hoc|iPhoneSimulator.ActiveCfg = Debug|Any CPU
		{EA0D46A4-50F7-463D-878B-0EAC7D5DC89E}.Ad-Hoc|iPhoneSimulator.Build.0 = Debug|Any CPU
		{EA0D46A4-50F7-463D-878B-0EAC7D5DC89E}.Ad-Hoc|iPhoneSimulator.Deploy.0 = Debug|Any CPU
		{EA0D46A4-50F7-463D-878B-0EAC7D5DC89E}.Ad-Hoc|x64.ActiveCfg = Debug|Any CPU
		{EA0D46A4-50F7-463D-878B-0EAC7D5DC89E}.Ad-Hoc|x64.Build.0 = Debug|Any CPU
		{EA0D46A4-50F7-463D-878B-0EAC7D5DC89E}.Ad-Hoc|x64.Deploy.0 = Debug|Any CPU
		{EA0D46A4-50F7-463D-878B-0EAC7D5DC89E}.Ad-Hoc|x86.ActiveCfg = Debug|Any CPU
		{EA0D46A4-50F7-463D-878B-0EAC7D5DC89E}.Ad-Hoc|x86.Build.0 = Debug|Any CPU
		{EA0D46A4-50F7-463D-878B-0EAC7D5DC89E}.Ad-Hoc|x86.Deploy.0 = Debug|Any CPU
		{EA0D46A4-50F7-463D-878B-0EAC7D5DC89E}.AppStore|Any CPU.ActiveCfg = Debug|Any CPU
		{EA0D46A4-50F7-463D-878B-0EAC7D5DC89E}.AppStore|Any CPU.Build.0 = Debug|Any CPU
		{EA0D46A4-50F7-463D-878B-0EAC7D5DC89E}.AppStore|Any CPU.Deploy.0 = Debug|Any CPU
		{EA0D46A4-50F7-463D-878B-0EAC7D5DC89E}.AppStore|ARM.ActiveCfg = Debug|Any CPU
		{EA0D46A4-50F7-463D-878B-0EAC7D5DC89E}.AppStore|ARM.Build.0 = Debug|Any CPU
		{EA0D46A4-50F7-463D-878B-0EAC7D5DC89E}.AppStore|ARM.Deploy.0 = Debug|Any CPU
		{EA0D46A4-50F7-463D-878B-0EAC7D5DC89E}.AppStore|iPhone.ActiveCfg = Debug|Any CPU
		{EA0D46A4-50F7-463D-878B-0EAC7D5DC89E}.AppStore|iPhone.Build.0 = Debug|Any CPU
		{EA0D46A4-50F7-463D-878B-0EAC7D5DC89E}.AppStore|iPhone.Deploy.0 = Debug|Any CPU
		{EA0D46A4-50F7-463D-878B-0EAC7D5DC89E}.AppStore|iPhoneSimulator.ActiveCfg = Debug|Any CPU
		{EA0D46A4-50F7-463D-878B-0EAC7D5DC89E}.AppStore|iPhoneSimulator.Build.0 = Debug|Any CPU
		{EA0D46A4-50F7-463D-878B-0EAC7D5DC89E}.AppStore|iPhoneSimulator.Deploy.0 = Debug|Any CPU
		{EA0D46A4-50F7-463D-878B-0EAC7D5DC89E}.AppStore|x64.ActiveCfg = Debug|Any CPU
		{EA0D46A4-50F7-463D-878B-0EAC7D5DC89E}.AppStore|x64.Build.0 = Debug|Any CPU
		{EA0D46A4-50F7-463D-878B-0EAC7D5DC89E}.AppStore|x64.Deploy.0 = Debug|Any CPU
		{EA0D46A4-50F7-463D-878B-0EAC7D5DC89E}.AppStore|x86.ActiveCfg = Debug|Any CPU
		{EA0D46A4-50F7-463D-878B-0EAC7D5DC89E}.AppStore|x86.Build.0 = Debug|Any CPU
		{EA0D46A4-50F7-463D-878B-0EAC7D5DC89E}.AppStore|x86.Deploy.0 = Debug|Any CPU
		{EA0D46A4-50F7-463D-878B-0EAC7D5DC89E}.Debug|Any CPU.ActiveCfg = Debug|Any CPU
		{EA0D46A4-50F7-463D-878B-0EAC7D5DC89E}.Debug|Any CPU.Build.0 = Debug|Any CPU
		{EA0D46A4-50F7-463D-878B-0EAC7D5DC89E}.Debug|Any CPU.Deploy.0 = Debug|Any CPU
		{EA0D46A4-50F7-463D-878B-0EAC7D5DC89E}.Debug|ARM.ActiveCfg = Debug|Any CPU
		{EA0D46A4-50F7-463D-878B-0EAC7D5DC89E}.Debug|ARM.Build.0 = Debug|Any CPU
		{EA0D46A4-50F7-463D-878B-0EAC7D5DC89E}.Debug|ARM.Deploy.0 = Debug|Any CPU
		{EA0D46A4-50F7-463D-878B-0EAC7D5DC89E}.Debug|iPhone.ActiveCfg = Debug|Any CPU
		{EA0D46A4-50F7-463D-878B-0EAC7D5DC89E}.Debug|iPhone.Build.0 = Debug|Any CPU
		{EA0D46A4-50F7-463D-878B-0EAC7D5DC89E}.Debug|iPhone.Deploy.0 = Debug|Any CPU
		{EA0D46A4-50F7-463D-878B-0EAC7D5DC89E}.Debug|iPhoneSimulator.ActiveCfg = Debug|Any CPU
		{EA0D46A4-50F7-463D-878B-0EAC7D5DC89E}.Debug|iPhoneSimulator.Build.0 = Debug|Any CPU
		{EA0D46A4-50F7-463D-878B-0EAC7D5DC89E}.Debug|iPhoneSimulator.Deploy.0 = Debug|Any CPU
		{EA0D46A4-50F7-463D-878B-0EAC7D5DC89E}.Debug|x64.ActiveCfg = Debug|Any CPU
		{EA0D46A4-50F7-463D-878B-0EAC7D5DC89E}.Debug|x64.Build.0 = Debug|Any CPU
		{EA0D46A4-50F7-463D-878B-0EAC7D5DC89E}.Debug|x64.Deploy.0 = Debug|Any CPU
		{EA0D46A4-50F7-463D-878B-0EAC7D5DC89E}.Debug|x86.ActiveCfg = Debug|Any CPU
		{EA0D46A4-50F7-463D-878B-0EAC7D5DC89E}.Debug|x86.Build.0 = Debug|Any CPU
		{EA0D46A4-50F7-463D-878B-0EAC7D5DC89E}.Debug|x86.Deploy.0 = Debug|Any CPU
		{EA0D46A4-50F7-463D-878B-0EAC7D5DC89E}.Release|Any CPU.ActiveCfg = Release|Any CPU
		{EA0D46A4-50F7-463D-878B-0EAC7D5DC89E}.Release|Any CPU.Build.0 = Release|Any CPU
		{EA0D46A4-50F7-463D-878B-0EAC7D5DC89E}.Release|Any CPU.Deploy.0 = Release|Any CPU
		{EA0D46A4-50F7-463D-878B-0EAC7D5DC89E}.Release|ARM.ActiveCfg = Release|Any CPU
		{EA0D46A4-50F7-463D-878B-0EAC7D5DC89E}.Release|ARM.Build.0 = Release|Any CPU
		{EA0D46A4-50F7-463D-878B-0EAC7D5DC89E}.Release|ARM.Deploy.0 = Release|Any CPU
		{EA0D46A4-50F7-463D-878B-0EAC7D5DC89E}.Release|iPhone.ActiveCfg = Release|Any CPU
		{EA0D46A4-50F7-463D-878B-0EAC7D5DC89E}.Release|iPhone.Build.0 = Release|Any CPU
		{EA0D46A4-50F7-463D-878B-0EAC7D5DC89E}.Release|iPhone.Deploy.0 = Release|Any CPU
		{EA0D46A4-50F7-463D-878B-0EAC7D5DC89E}.Release|iPhoneSimulator.ActiveCfg = Release|Any CPU
		{EA0D46A4-50F7-463D-878B-0EAC7D5DC89E}.Release|iPhoneSimulator.Build.0 = Release|Any CPU
		{EA0D46A4-50F7-463D-878B-0EAC7D5DC89E}.Release|iPhoneSimulator.Deploy.0 = Release|Any CPU
		{EA0D46A4-50F7-463D-878B-0EAC7D5DC89E}.Release|x64.ActiveCfg = Release|Any CPU
		{EA0D46A4-50F7-463D-878B-0EAC7D5DC89E}.Release|x64.Build.0 = Release|Any CPU
		{EA0D46A4-50F7-463D-878B-0EAC7D5DC89E}.Release|x64.Deploy.0 = Release|Any CPU
		{EA0D46A4-50F7-463D-878B-0EAC7D5DC89E}.Release|x86.ActiveCfg = Release|Any CPU
		{EA0D46A4-50F7-463D-878B-0EAC7D5DC89E}.Release|x86.Build.0 = Release|Any CPU
		{EA0D46A4-50F7-463D-878B-0EAC7D5DC89E}.Release|x86.Deploy.0 = Release|Any CPU
		{B19C892E-2628-4CA7-AD27-08D406A3B14B}.Ad-Hoc|Any CPU.ActiveCfg = Release|Any CPU
		{B19C892E-2628-4CA7-AD27-08D406A3B14B}.Ad-Hoc|Any CPU.Build.0 = Release|Any CPU
		{B19C892E-2628-4CA7-AD27-08D406A3B14B}.Ad-Hoc|ARM.ActiveCfg = Release|Any CPU
		{B19C892E-2628-4CA7-AD27-08D406A3B14B}.Ad-Hoc|ARM.Build.0 = Release|Any CPU
		{B19C892E-2628-4CA7-AD27-08D406A3B14B}.Ad-Hoc|iPhone.ActiveCfg = Release|Any CPU
		{B19C892E-2628-4CA7-AD27-08D406A3B14B}.Ad-Hoc|iPhone.Build.0 = Release|Any CPU
		{B19C892E-2628-4CA7-AD27-08D406A3B14B}.Ad-Hoc|iPhoneSimulator.ActiveCfg = Release|Any CPU
		{B19C892E-2628-4CA7-AD27-08D406A3B14B}.Ad-Hoc|iPhoneSimulator.Build.0 = Release|Any CPU
		{B19C892E-2628-4CA7-AD27-08D406A3B14B}.Ad-Hoc|x64.ActiveCfg = Release|Any CPU
		{B19C892E-2628-4CA7-AD27-08D406A3B14B}.Ad-Hoc|x64.Build.0 = Release|Any CPU
		{B19C892E-2628-4CA7-AD27-08D406A3B14B}.Ad-Hoc|x86.ActiveCfg = Release|Any CPU
		{B19C892E-2628-4CA7-AD27-08D406A3B14B}.Ad-Hoc|x86.Build.0 = Release|Any CPU
		{B19C892E-2628-4CA7-AD27-08D406A3B14B}.AppStore|Any CPU.ActiveCfg = Release|Any CPU
		{B19C892E-2628-4CA7-AD27-08D406A3B14B}.AppStore|Any CPU.Build.0 = Release|Any CPU
		{B19C892E-2628-4CA7-AD27-08D406A3B14B}.AppStore|ARM.ActiveCfg = Release|Any CPU
		{B19C892E-2628-4CA7-AD27-08D406A3B14B}.AppStore|ARM.Build.0 = Release|Any CPU
		{B19C892E-2628-4CA7-AD27-08D406A3B14B}.AppStore|iPhone.ActiveCfg = Release|Any CPU
		{B19C892E-2628-4CA7-AD27-08D406A3B14B}.AppStore|iPhone.Build.0 = Release|Any CPU
		{B19C892E-2628-4CA7-AD27-08D406A3B14B}.AppStore|iPhoneSimulator.ActiveCfg = Release|Any CPU
		{B19C892E-2628-4CA7-AD27-08D406A3B14B}.AppStore|iPhoneSimulator.Build.0 = Release|Any CPU
		{B19C892E-2628-4CA7-AD27-08D406A3B14B}.AppStore|x64.ActiveCfg = Release|Any CPU
		{B19C892E-2628-4CA7-AD27-08D406A3B14B}.AppStore|x64.Build.0 = Release|Any CPU
		{B19C892E-2628-4CA7-AD27-08D406A3B14B}.AppStore|x86.ActiveCfg = Release|Any CPU
		{B19C892E-2628-4CA7-AD27-08D406A3B14B}.AppStore|x86.Build.0 = Release|Any CPU
		{B19C892E-2628-4CA7-AD27-08D406A3B14B}.Debug|Any CPU.ActiveCfg = Debug|Any CPU
		{B19C892E-2628-4CA7-AD27-08D406A3B14B}.Debug|Any CPU.Build.0 = Debug|Any CPU
		{B19C892E-2628-4CA7-AD27-08D406A3B14B}.Debug|ARM.ActiveCfg = Debug|Any CPU
		{B19C892E-2628-4CA7-AD27-08D406A3B14B}.Debug|ARM.Build.0 = Debug|Any CPU
		{B19C892E-2628-4CA7-AD27-08D406A3B14B}.Debug|iPhone.ActiveCfg = Debug|Any CPU
		{B19C892E-2628-4CA7-AD27-08D406A3B14B}.Debug|iPhone.Build.0 = Debug|Any CPU
		{B19C892E-2628-4CA7-AD27-08D406A3B14B}.Debug|iPhoneSimulator.ActiveCfg = Debug|Any CPU
		{B19C892E-2628-4CA7-AD27-08D406A3B14B}.Debug|iPhoneSimulator.Build.0 = Debug|Any CPU
		{B19C892E-2628-4CA7-AD27-08D406A3B14B}.Debug|x64.ActiveCfg = Debug|Any CPU
		{B19C892E-2628-4CA7-AD27-08D406A3B14B}.Debug|x64.Build.0 = Debug|Any CPU
		{B19C892E-2628-4CA7-AD27-08D406A3B14B}.Debug|x86.ActiveCfg = Debug|Any CPU
		{B19C892E-2628-4CA7-AD27-08D406A3B14B}.Debug|x86.Build.0 = Debug|Any CPU
		{B19C892E-2628-4CA7-AD27-08D406A3B14B}.Release|Any CPU.ActiveCfg = Release|Any CPU
		{B19C892E-2628-4CA7-AD27-08D406A3B14B}.Release|Any CPU.Build.0 = Release|Any CPU
		{B19C892E-2628-4CA7-AD27-08D406A3B14B}.Release|ARM.ActiveCfg = Release|Any CPU
		{B19C892E-2628-4CA7-AD27-08D406A3B14B}.Release|ARM.Build.0 = Release|Any CPU
		{B19C892E-2628-4CA7-AD27-08D406A3B14B}.Release|iPhone.ActiveCfg = Release|Any CPU
		{B19C892E-2628-4CA7-AD27-08D406A3B14B}.Release|iPhone.Build.0 = Release|Any CPU
		{B19C892E-2628-4CA7-AD27-08D406A3B14B}.Release|iPhoneSimulator.ActiveCfg = Release|Any CPU
		{B19C892E-2628-4CA7-AD27-08D406A3B14B}.Release|iPhoneSimulator.Build.0 = Release|Any CPU
		{B19C892E-2628-4CA7-AD27-08D406A3B14B}.Release|x64.ActiveCfg = Release|Any CPU
		{B19C892E-2628-4CA7-AD27-08D406A3B14B}.Release|x64.Build.0 = Release|Any CPU
		{B19C892E-2628-4CA7-AD27-08D406A3B14B}.Release|x86.ActiveCfg = Release|Any CPU
		{B19C892E-2628-4CA7-AD27-08D406A3B14B}.Release|x86.Build.0 = Release|Any CPU
	EndGlobalSection
	GlobalSection(SolutionProperties) = preSolution
		HideSolutionNode = FALSE
	EndGlobalSection
	GlobalSection(ExtensibilityGlobals) = postSolution
		SolutionGuid = {4EE7C2E1-83A9-4C37-B339-7B8B76D174F5}
	EndGlobalSection
EndGlobal
